
Microsoft Visual Studio Solution File, Format Version 12.00
# Visual Studio Version 16
VisualStudioVersion = 16.0.30011.22
MinimumVisualStudioVersion = 10.0.40219.1
Project("{FAE04EC0-301F-11D3-BF4B-00C04F79EFBC}") = "Frisco_automated_shopping", "Frisco_automated_shopping.csproj", "{A55A7290-F2DB-447E-B617-1D74F130AEAA}"
EndProject
Global
	GlobalSection(SolutionConfigurationPlatforms) = preSolution
		Debug|Any CPU = Debug|Any CPU
		Release|Any CPU = Release|Any CPU
	EndGlobalSection
	GlobalSection(ProjectConfigurationPlatforms) = postSolution
		{A55A7290-F2DB-447E-B617-1D74F130AEAA}.Debug|Any CPU.ActiveCfg = Debug|Any CPU
		{A55A7290-F2DB-447E-B617-1D74F130AEAA}.Debug|Any CPU.Build.0 = Debug|Any CPU
		{A55A7290-F2DB-447E-B617-1D74F130AEAA}.Release|Any CPU.ActiveCfg = Release|Any CPU
		{A55A7290-F2DB-447E-B617-1D74F130AEAA}.Release|Any CPU.Build.0 = Release|Any CPU
	EndGlobalSection
	GlobalSection(SolutionProperties) = preSolution
		HideSolutionNode = FALSE
	EndGlobalSection
	GlobalSection(ExtensibilityGlobals) = postSolution
		SolutionGuid = {CF206B18-01BD-4884-AD7A-3F6C57CE48A4}
	EndGlobalSection
EndGlobal
